{
    "_readme": [
        "This file locks the dependencies of your project to a known state",
        "Read more about it at https://getcomposer.org/doc/01-basic-usage.md#composer-lock-the-lock-file",
        "This file is @generated automatically"
    ],
    "hash": "d861dc32b421f641f314a0e11ea1db5e",
    "content-hash": "4694b9870e26680893ec204dfb54340e",
    "packages": [
        {
            "name": "LWS/CMS",
            "version": "dev-master",
            "source": {
                "type": "git",
                "url": "https://github.com/lemckewebsolutions/CMS.git",
                "reference": "d61470772b4bf645822107d106a92c49fb4de3da"
            },
            "require": {
                "lws/framework": "dev-master"
            },
            "type": "library",
            "autoload": {
                "psr-4": {
                    "LWS\\CMS\\": "src/"
                }
            },
            "description": "Source code of the LWS CMS",
            "time": "2015-09-13 13:25:55"
        },
        {
            "name": "LWS/Framework",
            "version": "dev-master",
            "source": {
                "type": "git",
                "url": "https://github.com/lemckewebsolutions/Framework.git",
                "reference": "b405dcc457634e6689aff7ba4f1806dac30adebf"
            },
            "type": "library",
            "autoload": {
                "psr-4": {
                    "LWS\\Framework\\": "src/"
                }
            },
            "description": "Source code of the LWS framework",
            "time": "2015-09-13 13:19:11"
        },
        {
            "name": "dropbox/dropbox-sdk",
            "version": "v1.1.6",
            "source": {
                "type": "git",
                "url": "https://github.com/dropbox/dropbox-sdk-php.git",
                "reference": "6901f8122458e0ce7e391468c0cf6cca465bd0ee"
            },
            "dist": {
                "type": "zip",
                "url": "https://api.github.com/repos/dropbox/dropbox-sdk-php/zipball/6901f8122458e0ce7e391468c0cf6cca465bd0ee",
                "reference": "6901f8122458e0ce7e391468c0cf6cca465bd0ee",
                "shasum": ""
            },
            "require": {
                "ext-curl": "*",
                "php": ">= 5.3"
            },
            "require-dev": {
                "apigen/apigen": "2.8.2",
                "phpunit/phpunit": "~4.0",
                "squizlabs/php_codesniffer": "2.0.0RC3"
            },
            "type": "library",
            "autoload": {
                "psr-0": {
                    "Dropbox": "lib/"
                }
            },
            "notification-url": "https://packagist.org/downloads/",
            "license": [
                "MIT"
            ],
            "description": "Dropbox SDK for PHP",
            "keywords": [
                "dropbox"
            ],
            "time": "2015-06-29 21:47:57"
        }
    ],
    "packages-dev": [],
    "aliases": [],
    "minimum-stability": "stable",
    "stability-flags": {
        "lws/framework": 20,
        "lws/cms": 20
    },
    "prefer-stable": false,
    "prefer-lowest": false,
    "platform": [],
    "platform-dev": []
}
