{
    "_readme": [
        "This file locks the dependencies of your project to a known state",
        "Read more about it at https://getcomposer.org/doc/01-basic-usage.md#composer-lock-the-lock-file",
        "This file is @generated automatically"
    ],
    "hash": "6b8c478f144a698b1a885c29340730e7",
    "packages": [
        {
            "name": "LWS/CMS",
            "version": "dev-master",
            "source": {
                "type": "git",
                "url": "https://github.com/lemckewebsolutions/CMS.git",
                "reference": "ffb027b3c2912bdaa22ce78e19e53ab71f987f20"
            },
            "require": {
                "lws/framework": "dev-master"
            },
            "type": "library",
            "autoload": {
                "psr-4": {
                    "LWS\\CMS\\": "src/"
                }
            },
            "description": "Source code of the LWS CMS",
            "time": "2015-09-06 14:14:20"
        },
        {
            "name": "LWS/Framework",
            "version": "dev-master",
            "source": {
                "type": "git",
                "url": "https://github.com/lemckewebsolutions/Framework.git",
                "reference": "c01f76187957b0cd63334f0798105bf81919276e"
            },
            "type": "library",
            "autoload": {
                "psr-4": {
                    "LWS\\Framework\\": "src/"
                }
            },
            "description": "Source code of the LWS framework",
            "time": "2015-09-06 13:55:36"
        }
    ],
    "packages-dev": [],
    "aliases": [],
    "minimum-stability": "stable",
    "stability-flags": {
        "lws/framework": 20,
        "lws/cms": 20
    },
    "prefer-stable": false,
    "prefer-lowest": false,
    "platform": [],
    "platform-dev": []
}
