{
    "_readme": [
        "This file locks the dependencies of your project to a known state",
        "Read more about it at https://getcomposer.org/doc/01-basic-usage.md#composer-lock-the-lock-file",
        "This file is @generated automatically"
    ],
    "hash": "8b8407d07ed088e53f4a655751379582",
    "content-hash": "6391214233cbb83c9d86231e47c47d26",
    "packages": [
        {
            "name": "LWS/CMS",
            "version": "dev-master",
            "source": {
                "type": "git",
                "url": "https://github.com/lemckewebsolutions/CMS.git",
                "reference": "e6d789b028be2fdea45ddd720a8fda3b849d3835"
            },
            "require": {
                "lws/framework": "dev-master"
            },
            "type": "library",
            "autoload": {
                "psr-4": {
                    "LWS\\CMS\\": "src/"
                }
            },
            "description": "Source code of the LWS CMS",
            "time": "2015-11-03 19:48:01"
        },
        {
            "name": "LWS/Framework",
            "version": "dev-master",
            "source": {
                "type": "git",
                "url": "https://github.com/lemckewebsolutions/Framework.git",
                "reference": "9ed470c8f1f63efad4b8244b63d8fa5c18e955dc"
            },
            "type": "library",
            "autoload": {
                "psr-4": {
                    "LWS\\Framework\\": "src/"
                }
            },
            "description": "Source code of the LWS framework",
            "time": "2015-10-12 16:53:27"
        }
    ],
    "packages-dev": [],
    "aliases": [],
    "minimum-stability": "stable",
    "stability-flags": {
        "lws/framework": 20,
        "lws/cms": 20
    },
    "prefer-stable": false,
    "prefer-lowest": false,
    "platform": [],
    "platform-dev": []
}
